{
  "name": "glimpse-pi-companion",
  "version": "0.1.0",
  "lockfileVersion": 3,
  "requires": true,
  "packages": {
    "": {
      "name": "glimpse-pi-companion",
      "version": "0.1.0",
      "dependencies": {
        "glimpseui": "file:.."
      }
    },
    "..": {
      "name": "glimpseui",
      "version": "0.2.0",
      "hasInstallScript": true,
      "license": "MIT",
      "os": [
        "darwin"
      ],
      "bin": {
        "glimpseui": "bin/glimpse.mjs"
      },
      "engines": {
        "node": ">=18"
      }
    },
    "node_modules/glimpseui": {
      "resolved": "..",
      "link": true
    }
  }
}
